
Microsoft Visual Studio Solution File, Format Version 12.00
# Visual Studio 15
Project("{FAE04EC0-301F-11D3-BF4B-00C04F79EFBC}") = "viitenumero", "viitenumero\viitenumero.csproj", "{28AB769A-629B-4BC7-BD1E-322EBA3B8C5B}"
EndProject
Global
	GlobalSection(SolutionConfigurationPlatforms) = preSolution
		Debug|Any CPU = Debug|Any CPU
		Release|Any CPU = Release|Any CPU
	EndGlobalSection
	GlobalSection(ProjectConfigurationPlatforms) = postSolution
		{28AB769A-629B-4BC7-BD1E-322EBA3B8C5B}.Debug|Any CPU.ActiveCfg = Debug|Any CPU
		{28AB769A-629B-4BC7-BD1E-322EBA3B8C5B}.Debug|Any CPU.Build.0 = Debug|Any CPU
		{28AB769A-629B-4BC7-BD1E-322EBA3B8C5B}.Release|Any CPU.ActiveCfg = Release|Any CPU
		{28AB769A-629B-4BC7-BD1E-322EBA3B8C5B}.Release|Any CPU.Build.0 = Release|Any CPU
	EndGlobalSection
EndGlobal
